<?xml version="1.0" encoding="utf-8"?>
<Project ToolsVersion="4.0" xmlns="http://schemas.microsoft.com/developer/msbuild/2003">
  <ItemGroup>
    <Filter Include="源文件">
      <UniqueIdentifier>{4FC737F1-C7A5-4376-A066-2A32D752A2FF}</UniqueIdentifier>
      <Extensions>cpp;c;cc;cxx;def;odl;idl;hpj;bat;asm;asmx</Extensions>
    </Filter>
    <Filter Include="头文件">
      <UniqueIdentifier>{93995380-89BD-4b04-88EB-625FBE52EBFB}</UniqueIdentifier>
      <Extensions>h;hh;hpp;hxx;hm;inl;inc;xsd</Extensions>
    </Filter>
    <Filter Include="资源文件">
      <UniqueIdentifier>{67DA6AB6-F800-4c08-8B7A-83BB121AAD01}</UniqueIdentifier>
      <Extensions>rc;ico;cur;bmp;dlg;rc2;rct;bin;rgs;gif;jpg;jpeg;jpe;resx;tiff;tif;png;wav;mfcribbon-ms</Extensions>
    </Filter>
    <Filter Include="配置文件">
      <UniqueIdentifier>{89f1072d-22bd-453d-b4c6-5ed59d9fce98}</UniqueIdentifier>
      <Extensions>.ini</Extensions>
    </Filter>
  </ItemGroup>
  <ItemGroup>
    <Text Include="ReadMe.txt" />
  </ItemGroup>
  <ItemGroup>
    <ClInclude Include="MFCad.h">
      <Filter>头文件</Filter>
    </ClInclude>
    <ClInclude Include="MFCadDlg.h">
      <Filter>头文件</Filter>
    </ClInclude>
    <ClInclude Include="stdafx.h">
      <Filter>头文件</Filter>
    </ClInclude>
    <ClInclude Include="targetver.h">
      <Filter>头文件</Filter>
    </ClInclude>
    <ClInclude Include="Resource.h">
      <Filter>头文件</Filter>
    </ClInclude>
    <ClInclude Include="ProjectDialog.h">
      <Filter>头文件</Filter>
    </ClInclude>
    <ClInclude Include="TunnelChooseDialog.h">
      <Filter>头文件</Filter>
    </ClInclude>
    <ClInclude Include="MFCUtil.h">
      <Filter>头文件</Filter>
    </ClInclude>
    <ClInclude Include="FileUtil.h">
      <Filter>头文件</Filter>
    </ClInclude>
    <ClInclude Include="MethodChooseDialog.h">
      <Filter>头文件</Filter>
    </ClInclude>
    <ClInclude Include="TheoreticalDialog.h">
      <Filter>头文件</Filter>
    </ClInclude>
    <ClInclude Include="AverageDialog.h">
      <Filter>头文件</Filter>
    </ClInclude>
    <ClInclude Include="ExperienceDialog.h">
      <Filter>头文件</Filter>
    </ClInclude>
    <ClInclude Include="LooseRangeDialog.h">
      <Filter>头文件</Filter>
    </ClInclude>
    <ClInclude Include="ParametersDialog.h">
      <Filter>头文件</Filter>
    </ClInclude>
    <ClInclude Include="SimpleIni.h">
      <Filter>头文件</Filter>
    </ClInclude>
    <ClInclude Include="ConfigFileUtil.h">
      <Filter>头文件</Filter>
    </ClInclude>
    <ClInclude Include="TunnelProject.h">
      <Filter>头文件</Filter>
    </ClInclude>
    <ClInclude Include="ProjectBuilder.h">
      <Filter>头文件</Filter>
    </ClInclude>
    <ClInclude Include="CTunnel.h">
      <Filter>头文件</Filter>
    </ClInclude>
    <ClInclude Include="CalMethod.h">
      <Filter>头文件</Filter>
    </ClInclude>
    <ClInclude Include="CADService.h">
      <Filter>头文件</Filter>
    </ClInclude>
    <ClInclude Include="DataChecker.h">
      <Filter>头文件</Filter>
    </ClInclude>
    <ClInclude Include="SkipDialog.h">
      <Filter>头文件</Filter>
    </ClInclude>
    <ClInclude Include="ThreeTunnelDlg.h">
      <Filter>头文件</Filter>
    </ClInclude>
    <ClInclude Include="DialogManager.h">
      <Filter>头文件</Filter>
    </ClInclude>
    <ClInclude Include="BalanceMethodDialog.h">
      <Filter>头文件</Filter>
    </ClInclude>
    <ClInclude Include="TunnelFeature.h">
      <Filter>头文件</Filter>
    </ClInclude>
    <ClInclude Include="ZuheliangDialog.h">
      <Filter>头文件</Filter>
    </ClInclude>
  </ItemGroup>
  <ItemGroup>
    <ClCompile Include="MFCad.cpp">
      <Filter>源文件</Filter>
    </ClCompile>
    <ClCompile Include="MFCadDlg.cpp">
      <Filter>源文件</Filter>
    </ClCompile>
    <ClCompile Include="stdafx.cpp">
      <Filter>源文件</Filter>
    </ClCompile>
    <ClCompile Include="ProjectDialog.cpp">
      <Filter>源文件</Filter>
    </ClCompile>
    <ClCompile Include="TunnelChooseDialog.cpp">
      <Filter>源文件</Filter>
    </ClCompile>
    <ClCompile Include="MFCUtil.cpp">
      <Filter>源文件</Filter>
    </ClCompile>
    <ClCompile Include="FileUtil.cpp">
      <Filter>源文件</Filter>
    </ClCompile>
    <ClCompile Include="MethodChooseDialog.cpp">
      <Filter>源文件</Filter>
    </ClCompile>
    <ClCompile Include="TheoreticalDialog.cpp">
      <Filter>源文件</Filter>
    </ClCompile>
    <ClCompile Include="AverageDialog.cpp">
      <Filter>源文件</Filter>
    </ClCompile>
    <ClCompile Include="ExperienceDialog.cpp">
      <Filter>源文件</Filter>
    </ClCompile>
    <ClCompile Include="LooseRangeDialog.cpp">
      <Filter>源文件</Filter>
    </ClCompile>
    <ClCompile Include="ParametersDialog.cpp">
      <Filter>源文件</Filter>
    </ClCompile>
    <ClCompile Include="TunnelProject.cpp">
      <Filter>源文件</Filter>
    </ClCompile>
    <ClCompile Include="SkipDialog.cpp">
      <Filter>源文件</Filter>
    </ClCompile>
    <ClCompile Include="ThreeTunnelDlg.cpp">
      <Filter>源文件</Filter>
    </ClCompile>
    <ClCompile Include="BalanceMethodDialog.cpp">
      <Filter>源文件</Filter>
    </ClCompile>
    <ClCompile Include="TunnelFeature.cpp">
      <Filter>源文件</Filter>
    </ClCompile>
    <ClCompile Include="ZuheliangDialog.cpp">
      <Filter>源文件</Filter>
    </ClCompile>
  </ItemGroup>
  <ItemGroup>
    <ResourceCompile Include="MFCad.rc">
      <Filter>资源文件</Filter>
    </ResourceCompile>
  </ItemGroup>
  <ItemGroup>
    <None Include="res\MFCad.rc2">
      <Filter>资源文件</Filter>
    </None>
    <None Include="config.ini">
      <Filter>配置文件</Filter>
    </None>
    <None Include="ClassDiagram.cd" />
  </ItemGroup>
  <ItemGroup>
    <Image Include="res\MFCad.ico">
      <Filter>资源文件</Filter>
    </Image>
    <Image Include="arc.bmp">
      <Filter>资源文件</Filter>
    </Image>
    <Image Include="res\bg.jpg">
      <Filter>资源文件</Filter>
    </Image>
    <Image Include="res\bg.bmp">
      <Filter>资源文件</Filter>
    </Image>
    <Image Include="res\bg_limpid.png">
      <Filter>资源文件</Filter>
    </Image>
    <Image Include="res\bg_limpid.bmp">
      <Filter>资源文件</Filter>
    </Image>
    <Image Include="res\mainbg.png">
      <Filter>资源文件</Filter>
    </Image>
    <Image Include="res\skip.png">
      <Filter>资源文件</Filter>
    </Image>
    <Image Include="..\..\prjcadc\prjcadc\class.bmp">
      <Filter>资源文件</Filter>
    </Image>
    <Image Include="res\apc1u-r0ttq-005.ico">
      <Filter>资源文件</Filter>
    </Image>
    <Image Include="res\apc1u-r0ttq-004.ico">
      <Filter>资源文件</Filter>
    </Image>
  </ItemGroup>
</Project>